// !$*UTF8*$!
{
	archiveVersion = 1;
	classes = {
	};
	objectVersion = 50;
	objects = {

/* Begin PBXBuildFile section */
		2F5640652262F20900D4FA54 /* AppDelegate.swift in Sources */ = {isa = PBXBuildFile; fileRef = 2F5640642262F20900D4FA54 /* AppDelegate.swift */; };
		2F5640672262F20900D4FA54 /* ViewController.swift in Sources */ = {isa = PBXBuildFile; fileRef = 2F5640662262F20900D4FA54 /* ViewController.swift */; };
		2F56406A2262F20900D4FA54 /* Main.storyboard in Resources */ = {isa = PBXBuildFile; fileRef = 2F5640682262F20900D4FA54 /* Main.storyboard */; };
		2F56406C2262F20A00D4FA54 /* Assets.xcassets in Resources */ = {isa = PBXBuildFile; fileRef = 2F56406B2262F20A00D4FA54 /* Assets.xcassets */; };
		2F56406F2262F20A00D4FA54 /* LaunchScreen.storyboard in Resources */ = {isa = PBXBuildFile; fileRef = 2F56406D2262F20A00D4FA54 /* LaunchScreen.storyboard */; };
		2F5640772262F3A100D4FA54 /* imageViewController.swift in Sources */ = {isa = PBXBuildFile; fileRef = 2F5640762262F3A100D4FA54 /* imageViewController.swift */; };
		2F564079226307CA00D4FA54 /* settingViewController.swift in Sources */ = {isa = PBXBuildFile; fileRef = 2F564078226307CA00D4FA54 /* settingViewController.swift */; };
		2FE8B3FE2263A75D00CA9910 /* musicViewController.swift in Sources */ = {isa = PBXBuildFile; fileRef = 2FE8B3FD2263A75D00CA9910 /* musicViewController.swift */; };
		2FE8B4002265B46000CA9910 /* homeViewController.swift in Sources */ = {isa = PBXBuildFile; fileRef = 2FE8B3FF2265B46000CA9910 /* homeViewController.swift */; };
		2FE8B4022265B8CA00CA9910 /* peter.swift in Sources */ = {isa = PBXBuildFile; fileRef = 2FE8B4012265B8CA00CA9910 /* peter.swift */; };
/* End PBXBuildFile section */

/* Begin PBXFileReference section */
		2F5640612262F20900D4FA54 /* relax.app */ = {isa = PBXFileReference; explicitFileType = wrapper.application; includeInIndex = 0; path = relax.app; sourceTree = BUILT_PRODUCTS_DIR; };
		2F5640642262F20900D4FA54 /* AppDelegate.swift */ = {isa = PBXFileReference; lastKnownFileType = sourcecode.swift; path = AppDelegate.swift; sourceTree = "<group>"; };
		2F5640662262F20900D4FA54 /* ViewController.swift */ = {isa = PBXFileReference; lastKnownFileType = sourcecode.swift; path = ViewController.swift; sourceTree = "<group>"; };
		2F5640692262F20900D4FA54 /* Base */ = {isa = PBXFileReference; lastKnownFileType = file.storyboard; name = Base; path = Base.lproj/Main.storyboard; sourceTree = "<group>"; };
		2F56406B2262F20A00D4FA54 /* Assets.xcassets */ = {isa = PBXFileReference; lastKnownFileType = folder.assetcatalog; path = Assets.xcassets; sourceTree = "<group>"; };
		2F56406E2262F20A00D4FA54 /* Base */ = {isa = PBXFileReference; lastKnownFileType = file.storyboard; name = Base; path = Base.lproj/LaunchScreen.storyboard; sourceTree = "<group>"; };
		2F5640702262F20A00D4FA54 /* Info.plist */ = {isa = PBXFileReference; lastKnownFileType = text.plist.xml; path = Info.plist; sourceTree = "<group>"; };
		2F5640762262F3A100D4FA54 /* imageViewController.swift */ = {isa = PBXFileReference; lastKnownFileType = sourcecode.swift; path = imageViewController.swift; sourceTree = "<group>"; };
		2F564078226307CA00D4FA54 /* settingViewController.swift */ = {isa = PBXFileReference; lastKnownFileType = sourcecode.swift; path = settingViewController.swift; sourceTree = "<group>"; };
		2FE8B3FD2263A75D00CA9910 /* musicViewController.swift */ = {isa = PBXFileReference; lastKnownFileType = sourcecode.swift; path = musicViewController.swift; sourceTree = "<group>"; };
		2FE8B3FF2265B46000CA9910 /* homeViewController.swift */ = {isa = PBXFileReference; lastKnownFileType = sourcecode.swift; path = homeViewController.swift; sourceTree = "<group>"; };
		2FE8B4012265B8CA00CA9910 /* peter.swift */ = {isa = PBXFileReference; lastKnownFileType = sourcecode.swift; path = peter.swift; sourceTree = "<group>"; };
/* End PBXFileReference section */

/* Begin PBXFrameworksBuildPhase section */
		2F56405E2262F20900D4FA54 /* Frameworks */ = {
			isa = PBXFrameworksBuildPhase;
			buildActionMask = 2147483647;
			files = (
			);
			runOnlyForDeploymentPostprocessing = 0;
		};
/* End PBXFrameworksBuildPhase section */

/* Begin PBXGroup section */
		2F5640582262F20800D4FA54 = {
			isa = PBXGroup;
			children = (
				2F5640632262F20900D4FA54 /* relax */,
				2F5640622262F20900D4FA54 /* Products */,
			);
			sourceTree = "<group>";
		};
		2F5640622262F20900D4FA54 /* Products */ = {
			isa = PBXGroup;
			children = (
				2F5640612262F20900D4FA54 /* relax.app */,
			);
			name = Products;
			sourceTree = "<group>";
		};
		2F5640632262F20900D4FA54 /* relax */ = {
			isa = PBXGroup;
			children = (
				2FE8B4012265B8CA00CA9910 /* peter.swift */,
				2F5640642262F20900D4FA54 /* AppDelegate.swift */,
				2F5640662262F20900D4FA54 /* ViewController.swift */,
				2F5640682262F20900D4FA54 /* Main.storyboard */,
				2FE8B3FF2265B46000CA9910 /* homeViewController.swift */,
				2FE8B3FD2263A75D00CA9910 /* musicViewController.swift */,
				2F564078226307CA00D4FA54 /* settingViewController.swift */,
				2F5640762262F3A100D4FA54 /* imageViewController.swift */,
				2F56406B2262F20A00D4FA54 /* Assets.xcassets */,
				2F56406D2262F20A00D4FA54 /* LaunchScreen.storyboard */,
				2F5640702262F20A00D4FA54 /* Info.plist */,
			);
			path = relax;
			sourceTree = "<group>";
		};
/* End PBXGroup section */

/* Begin PBXNativeTarget section */
		2F5640602262F20900D4FA54 /* relax */ = {
			isa = PBXNativeTarget;
			buildConfigurationList = 2F5640732262F20A00D4FA54 /* Build configuration list for PBXNativeTarget "relax" */;
			buildPhases = (
				2F56405D2262F20900D4FA54 /* Sources */,
				2F56405E2262F20900D4FA54 /* Frameworks */,
				2F56405F2262F20900D4FA54 /* Resources */,
			);
			buildRules = (
			);
			dependencies = (
			);
			name = relax;
			productName = relax;
			productReference = 2F5640612262F20900D4FA54 /* relax.app */;
			productType = "com.apple.product-type.application";
		};
/* End PBXNativeTarget section */

/* Begin PBXProject section */
		2F5640592262F20800D4FA54 /* Project object */ = {
			isa = PBXProject;
			attributes = {
				LastSwiftUpdateCheck = 1020;
				LastUpgradeCheck = 1020;
				ORGANIZATIONNAME = notu;
				TargetAttributes = {
					2F5640602262F20900D4FA54 = {
						CreatedOnToolsVersion = 10.2;
					};
				};
			};
			buildConfigurationList = 2F56405C2262F20900D4FA54 /* Build configuration list for PBXProject "relax" */;
			compatibilityVersion = "Xcode 9.3";
			developmentRegion = en;
			hasScannedForEncodings = 0;
			knownRegions = (
				en,
				Base,
			);
			mainGroup = 2F5640582262F20800D4FA54;
			productRefGroup = 2F5640622262F20900D4FA54 /* Products */;
			projectDirPath = "";
			projectRoot = "";
			targets = (
				2F5640602262F20900D4FA54 /* relax */,
			);
		};
/* End PBXProject section */

/* Begin PBXResourcesBuildPhase section */
		2F56405F2262F20900D4FA54 /* Resources */ = {
			isa = PBXResourcesBuildPhase;
			buildActionMask = 2147483647;
			files = (
				2F56406F2262F20A00D4FA54 /* LaunchScreen.storyboard in Resources */,
				2F56406C2262F20A00D4FA54 /* Assets.xcassets in Resources */,
				2F56406A2262F20900D4FA54 /* Main.storyboard in Resources */,
			);
			runOnlyForDeploymentPostprocessing = 0;
		};
/* End PBXResourcesBuildPhase section */

/* Begin PBXSourcesBuildPhase section */
		2F56405D2262F20900D4FA54 /* Sources */ = {
			isa = PBXSourcesBuildPhase;
			buildActionMask = 2147483647;
			files = (
				2F5640772262F3A100D4FA54 /* imageViewController.swift in Sources */,
				2FE8B4022265B8CA00CA9910 /* peter.swift in Sources */,
				2FE8B4002265B46000CA9910 /* homeViewController.swift in Sources */,
				2F5640672262F20900D4FA54 /* ViewController.swift in Sources */,
				2FE8B3FE2263A75D00CA9910 /* musicViewController.swift in Sources */,
				2F5640652262F20900D4FA54 /* AppDelegate.swift in Sources */,
				2F564079226307CA00D4FA54 /* settingViewController.swift in Sources */,
			);
			runOnlyForDeploymentPostprocessing = 0;
		};
/* End PBXSourcesBuildPhase section */

/* Begin PBXVariantGroup section */
		2F5640682262F20900D4FA54 /* Main.storyboard */ = {
			isa = PBXVariantGroup;
			children = (
				2F5640692262F20900D4FA54 /* Base */,
			);
			name = Main.storyboard;
			sourceTree = "<group>";
		};
		2F56406D2262F20A00D4FA54 /* LaunchScreen.storyboard */ = {
			isa = PBXVariantGroup;
			children = (
				2F56406E2262F20A00D4FA54 /* Base */,
			);
			name = LaunchScreen.storyboard;
			sourceTree = "<group>";
		};
/* End PBXVariantGroup section */

/* Begin XCBuildConfiguration section */
		2F5640712262F20A00D4FA54 /* Debug */ = {
			isa = XCBuildConfiguration;
			buildSettings = {
				ALWAYS_SEARCH_USER_PATHS = NO;
				CLANG_ANALYZER_NONNULL = YES;
				CLANG_ANALYZER_NUMBER_OBJECT_CONVERSION = YES_AGGRESSIVE;
				CLANG_CXX_LANGUAGE_STANDARD = "gnu++14";
				CLANG_CXX_LIBRARY = "libc++";
				CLANG_ENABLE_MODULES = YES;
				CLANG_ENABLE_OBJC_ARC = YES;
				CLANG_ENABLE_OBJC_WEAK = YES;
				CLANG_WARN_BLOCK_CAPTURE_AUTORELEASING = YES;
				CLANG_WARN_BOOL_CONVERSION = YES;
				CLANG_WARN_COMMA = YES;
				CLANG_WARN_CONSTANT_CONVERSION = YES;
				CLANG_WARN_DEPRECATED_OBJC_IMPLEMENTATIONS = YES;
				CLANG_WARN_DIRECT_OBJC_ISA_USAGE = YES_ERROR;
				CLANG_WARN_DOCUMENTATION_COMMENTS = YES;
				CLANG_WARN_EMPTY_BODY = YES;
				CLANG_WARN_ENUM_CONVERSION = YES;
				CLANG_WARN_INFINITE_RECURSION = YES;
				CLANG_WARN_INT_CONVERSION = YES;
				CLANG_WARN_NON_LITERAL_NULL_CONVERSION = YES;
				CLANG_WARN_OBJC_IMPLICIT_RETAIN_SELF = YES;
				CLANG_WARN_OBJC_LITERAL_CONVERSION = YES;
				CLANG_WARN_OBJC_ROOT_CLASS = YES_ERROR;
				CLANG_WARN_RANGE_LOOP_ANALYSIS = YES;
				CLANG_WARN_STRICT_PROTOTYPES = YES;
				CLANG_WARN_SUSPICIOUS_MOVE = YES;
				CLANG_WARN_UNGUARDED_AVAILABILITY = YES_AGGRESSIVE;
				CLANG_WARN_UNREACHABLE_CODE = YES;
				CLANG_WARN__DUPLICATE_METHOD_MATCH = YES;
				CODE_SIGN_IDENTITY = "iPhone Developer";
				COPY_PHASE_STRIP = NO;
				DEBUG_INFORMATION_FORMAT = dwarf;
				ENABLE_STRICT_OBJC_MSGSEND = YES;
				ENABLE_TESTABILITY = YES;
				GCC_C_LANGUAGE_STANDARD = gnu11;
				GCC_DYNAMIC_NO_PIC = NO;
				GCC_NO_COMMON_BLOCKS = YES;
				GCC_OPTIMIZATION_LEVEL = 0;
				GCC_PREPROCESSOR_DEFINITIONS = (
					"DEBUG=1",
					"$(inherited)",
				);
				GCC_WARN_64_TO_32_BIT_CONVERSION = YES;
				GCC_WARN_ABOUT_RETURN_TYPE = YES_ERROR;
				GCC_WARN_UNDECLARED_SELECTOR = YES;
				GCC_WARN_UNINITIALIZED_AUTOS = YES_AGGRESSIVE;
				GCC_WARN_UNUSED_FUNCTION = YES;
				GCC_WARN_UNUSED_VARIABLE = YES;
				IPHONEOS_DEPLOYMENT_TARGET = 12.2;
				MTL_ENABLE_DEBUG_INFO = INCLUDE_SOURCE;
				MTL_FAST_MATH = YES;
				ONLY_ACTIVE_ARCH = YES;
				SDKROOT = iphoneos;
				SWIFT_ACTIVE_COMPILATION_CONDITIONS = DEBUG;
				SWIFT_OPTIMIZATION_LEVEL = "-Onone";
			};
			name = Debug;
		};
		2F5640722262F20A00D4FA54 /* Release */ = {
			isa = XCBuildConfiguration;
			buildSettings = {
				ALWAYS_SEARCH_USER_PATHS = NO;
				CLANG_ANALYZER_NONNULL = YES;
				CLANG_ANALYZER_NUMBER_OBJECT_CONVERSION = YES_AGGRESSIVE;
				CLANG_CXX_LANGUAGE_STANDARD = "gnu++14";
				CLANG_CXX_LIBRARY = "libc++";
				CLANG_ENABLE_MODULES = YES;
				CLANG_ENABLE_OBJC_ARC = YES;
				CLANG_ENABLE_OBJC_WEAK = YES;
				CLANG_WARN_BLOCK_CAPTURE_AUTORELEASING = YES;
				CLANG_WARN_BOOL_CONVERSION = YES;
				CLANG_WARN_COMMA = YES;
				CLANG_WARN_CONSTANT_CONVERSION = YES;
				CLANG_WARN_DEPRECATED_OBJC_IMPLEMENTATIONS = YES;
				CLANG_WARN_DIRECT_OBJC_ISA_USAGE = YES_ERROR;
				CLANG_WARN_DOCUMENTATION_COMMENTS = YES;
				CLANG_WARN_EMPTY_BODY = YES;
				CLANG_WARN_ENUM_CONVERSION = YES;
				CLANG_WARN_INFINITE_RECURSION = YES;
				CLANG_WARN_INT_CONVERSION = YES;
				CLANG_WARN_NON_LITERAL_NULL_CONVERSION = YES;
				CLANG_WARN_OBJC_IMPLICIT_RETAIN_SELF = YES;
				CLANG_WARN_OBJC_LITERAL_CONVERSION = YES;
				CLANG_WARN_OBJC_ROOT_CLASS = YES_ERROR;
				CLANG_WARN_RANGE_LOOP_ANALYSIS = YES;
				CLANG_WARN_STRICT_PROTOTYPES = YES;
				CLANG_WARN_SUSPICIOUS_MOVE = YES;
				CLANG_WARN_UNGUARDED_AVAILABILITY = YES_AGGRESSIVE;
				CLANG_WARN_UNREACHABLE_CODE = YES;
				CLANG_WARN__DUPLICATE_METHOD_MATCH = YES;
				CODE_SIGN_IDENTITY = "iPhone Developer";
				COPY_PHASE_STRIP = NO;
				DEBUG_INFORMATION_FORMAT = "dwarf-with-dsym";
				ENABLE_NS_ASSERTIONS = NO;
				ENABLE_STRICT_OBJC_MSGSEND = YES;
				GCC_C_LANGUAGE_STANDARD = gnu11;
				GCC_NO_COMMON_BLOCKS = YES;
				GCC_WARN_64_TO_32_BIT_CONVERSION = YES;
				GCC_WARN_ABOUT_RETURN_TYPE = YES_ERROR;
				GCC_WARN_UNDECLARED_SELECTOR = YES;
				GCC_WARN_UNINITIALIZED_AUTOS = YES_AGGRESSIVE;
				GCC_WARN_UNUSED_FUNCTION = YES;
				GCC_WARN_UNUSED_VARIABLE = YES;
				IPHONEOS_DEPLOYMENT_TARGET = 12.2;
				MTL_ENABLE_DEBUG_INFO = NO;
				MTL_FAST_MATH = YES;
				SDKROOT = iphoneos;
				SWIFT_COMPILATION_MODE = wholemodule;
				SWIFT_OPTIMIZATION_LEVEL = "-O";
				VALIDATE_PRODUCT = YES;
			};
			name = Release;
		};
		2F5640742262F20A00D4FA54 /* Debug */ = {
			isa = XCBuildConfiguration;
			buildSettings = {
				ASSETCATALOG_COMPILER_APPICON_NAME = AppIcon;
				CODE_SIGN_STYLE = Automatic;
				DEVELOPMENT_TEAM = CGZC4U64KB;
				INFOPLIST_FILE = relax/Info.plist;
				LD_RUNPATH_SEARCH_PATHS = (
					"$(inherited)",
					"@executable_path/Frameworks",
				);
				PRODUCT_BUNDLE_IDENTIFIER = CS.relax;
				PRODUCT_NAME = "$(TARGET_NAME)";
				SWIFT_VERSION = 5.0;
				TARGETED_DEVICE_FAMILY = "1,2";
			};
			name = Debug;
		};
		2F5640752262F20A00D4FA54 /* Release */ = {
			isa = XCBuildConfiguration;
			buildSettings = {
				ASSETCATALOG_COMPILER_APPICON_NAME = AppIcon;
				CODE_SIGN_STYLE = Automatic;
				DEVELOPMENT_TEAM = CGZC4U64KB;
				INFOPLIST_FILE = relax/Info.plist;
				LD_RUNPATH_SEARCH_PATHS = (
					"$(inherited)",
					"@executable_path/Frameworks",
				);
				PRODUCT_BUNDLE_IDENTIFIER = CS.relax;
				PRODUCT_NAME = "$(TARGET_NAME)";
				SWIFT_VERSION = 5.0;
				TARGETED_DEVICE_FAMILY = "1,2";
			};
			name = Release;
		};
/* End XCBuildConfiguration section */

/* Begin XCConfigurationList section */
		2F56405C2262F20900D4FA54 /* Build configuration list for PBXProject "relax" */ = {
			isa = XCConfigurationList;
			buildConfigurations = (
				2F5640712262F20A00D4FA54 /* Debug */,
				2F5640722262F20A00D4FA54 /* Release */,
			);
			defaultConfigurationIsVisible = 0;
			defaultConfigurationName = Release;
		};
		2F5640732262F20A00D4FA54 /* Build configuration list for PBXNativeTarget "relax" */ = {
			isa = XCConfigurationList;
			buildConfigurations = (
				2F5640742262F20A00D4FA54 /* Debug */,
				2F5640752262F20A00D4FA54 /* Release */,
			);
			defaultConfigurationIsVisible = 0;
			defaultConfigurationName = Release;
		};
/* End XCConfigurationList section */
	};
	rootObject = 2F5640592262F20800D4FA54 /* Project object */;
}
